{
  "nodes": {
    "flake-utils": {
      "locked": {
        "lastModified": 1678901627,
        "narHash": "sha256-U02riOqrKKzwjsxc/400XnElV+UtPUQWpANPlyazjH0=",
        "owner": "numtide",
        "repo": "flake-utils",
        "rev": "93a2b84fc4b70d9e089d029deacc3583435c2ed6",
        "type": "github"
      },
      "original": {
        "id": "flake-utils",
        "type": "indirect"
      }
    },
    "nixpkgs": {
      "locked": {
        "lastModified": 1679673789,
        "narHash": "sha256-y2b9ynAJW1BpZYrcHJGtY+FJm81qwSaU295U5EcVmwE=",
        "owner": "NixOS",
        "repo": "nixpkgs",
        "rev": "b1c1d5c8145940cae66715674559641b435c2ef3",
        "type": "github"
      },
      "original": {
        "id": "nixpkgs",
        "type": "indirect"
      }
    },
    "nur": {
      "locked": {
        "lastModified": 1679744081,
        "narHash": "sha256-EDAKCvm1n1pJFOaPa1+0Xn0PUsrjzQ6O5Va4hytIknw=",
        "owner": "nix-community",
        "repo": "NUR",
        "rev": "52907d05e9d017092da0cec9ff1100b3aca7edf2",
        "type": "github"
      },
      "original": {
        "id": "nur",
        "type": "indirect"
      }
    },
    "root": {
      "inputs": {
        "flake-utils": "flake-utils",
        "nixpkgs": "nixpkgs",
        "nur": "nur"
      }
    }
  },
  "root": "root",
  "version": 7
}
